{"version":4,"terraform_version":"1.9.0","serial":63,"lineage":"27ff5f3e-5bbf-c82f-51f7-12f0bdae08c8","outputs":{},"resources":[{"mode":"managed","type":"openstack_compute_instance_v2","name":"vm","provider":"provider[\"registry.opentofu.org/terraform-provider-openstack/openstack\"]","instances":[{"schema_version":0,"attributes":{"access_ip_v4":"172.16.2.169","access_ip_v6":"","admin_pass":null,"all_metadata":{},"all_tags":[],"availability_zone":"nova","availability_zone_hints":null,"block_device":[],"config_drive":null,"created":"2025-04-23 22:27:51 +0000 UTC","flavor_id":"7fcf4d00-fdc2-4af6-9090-49e2d212e26c","flavor_name":"e1.tiny","force_delete":false,"id":"f0f6d29b-c9f5-4138-bea5-e1f0e5d24977","image_id":"033e0a54-423a-4835-afe6-5ae28e82f215","image_name":"ubuntu-noble-x86_64","key_pair":"","metadata":null,"name":"ubuntu-vm","network":[{"access_network":false,"fixed_ip_v4":"172.16.2.169","fixed_ip_v6":"","mac":"fa:16:3e:8a:6e:10","name":"internal-ipv4-general-private","port":"cfbc8ca7-d7bb-43be-8c57-b89f042cf5a5","uuid":"21af501a-69a3-4f90-8b40-a6ffd52b36c0"}],"network_mode":null,"personality":[],"power_state":"active","region":"Brno1","scheduler_hints":[],"security_groups":["secgroup_1"],"stop_before_destroy":false,"tags":null,"timeouts":null,"updated":"2025-04-23 22:28:00 +0000 UTC","user_data":"28389def169ccc003436f8febb35f7477c43becb","vendor_options":[]},"sensitive_attributes":[[{"type":"get_attr","value":"admin_pass"}]],"private":"eyJlMmJmYjczMC1lY2FhLTExZTYtOGY4OC0zNDM2M2JjN2M0YzAiOnsiY3JlYXRlIjoxODAwMDAwMDAwMDAwLCJkZWxldGUiOjE4MDAwMDAwMDAwMDAsInVwZGF0ZSI6MTgwMDAwMDAwMDAwMH19","dependencies":["openstack_networking_port_v2.vm_port","openstack_networking_secgroup_v2.secgroup_1"]}]},{"mode":"managed","type":"openstack_networking_floatingip_associate_v2","name":"fip_associate","provider":"provider[\"registry.opentofu.org/terraform-provider-openstack/openstack\"]","instances":[{"schema_version":0,"attributes":{"fixed_ip":"172.16.2.169","floating_ip":"78.128.235.103","id":"b236fc89-3867-4527-9dd4-1a8c2750de3f","port_id":"cfbc8ca7-d7bb-43be-8c57-b89f042cf5a5","region":"Brno1"},"sensitive_attributes":[],"private":"bnVsbA==","dependencies":["openstack_networking_floatingip_v2.floating_ip","openstack_networking_port_v2.vm_port","openstack_networking_secgroup_v2.secgroup_1"]}]},{"mode":"managed","type":"openstack_networking_floatingip_v2","name":"floating_ip","provider":"provider[\"registry.opentofu.org/terraform-provider-openstack/openstack\"]","instances":[{"schema_version":0,"attributes":{"address":"78.128.235.103","all_tags":[],"description":"","dns_domain":"","dns_name":"","fixed_ip":"","id":"b236fc89-3867-4527-9dd4-1a8c2750de3f","pool":"external-ipv4-general-public","port_id":"","region":"Brno1","subnet_id":null,"subnet_ids":null,"tags":null,"tenant_id":"b39c46f9dc674f529b8f3af821a7c0cd","timeouts":null,"value_specs":null},"sensitive_attributes":[],"private":"eyJlMmJmYjczMC1lY2FhLTExZTYtOGY4OC0zNDM2M2JjN2M0YzAiOnsiY3JlYXRlIjo2MDAwMDAwMDAwMDAsImRlbGV0ZSI6NjAwMDAwMDAwMDAwfX0="}]},{"mode":"managed","type":"openstack_networking_port_v2","name":"vm_port","provider":"provider[\"registry.opentofu.org/terraform-provider-openstack/openstack\"]","instances":[{"schema_version":0,"attributes":{"admin_state_up":true,"all_fixed_ips":["172.16.2.169"],"all_security_group_ids":["820ff2df-75ef-4177-ba14-9e4a9a7ebd5d"],"all_tags":[],"allowed_address_pairs":[],"binding":[{"host_id":"","profile":"","vif_details":{},"vif_type":"","vnic_type":"normal"}],"description":"","device_id":"","device_owner":"","dns_assignment":[],"dns_name":"","extra_dhcp_option":[],"fixed_ip":[],"id":"cfbc8ca7-d7bb-43be-8c57-b89f042cf5a5","mac_address":"fa:16:3e:8a:6e:10","name":"","network_id":"21af501a-69a3-4f90-8b40-a6ffd52b36c0","no_fixed_ip":null,"no_security_groups":null,"port_security_enabled":true,"qos_policy_id":"","region":"Brno1","security_group_ids":["820ff2df-75ef-4177-ba14-9e4a9a7ebd5d"],"tags":null,"tenant_id":"b39c46f9dc674f529b8f3af821a7c0cd","timeouts":null,"value_specs":null},"sensitive_attributes":[],"private":"eyJlMmJmYjczMC1lY2FhLTExZTYtOGY4OC0zNDM2M2JjN2M0YzAiOnsiY3JlYXRlIjo2MDAwMDAwMDAwMDAsImRlbGV0ZSI6NjAwMDAwMDAwMDAwfX0=","dependencies":["openstack_networking_secgroup_v2.secgroup_1"]}]},{"mode":"managed","type":"openstack_networking_secgroup_rule_v2","name":"secgroup_rule","provider":"provider[\"registry.opentofu.org/terraform-provider-openstack/openstack\"]","instances":[{"schema_version":0,"attributes":{"description":"","direction":"ingress","ethertype":"IPv4","id":"92ec2077-867a-447d-bf2b-3d40fe837f64","port_range_max":80,"port_range_min":80,"protocol":"tcp","region":"Brno1","remote_group_id":"","remote_ip_prefix":"0.0.0.0/0","security_group_id":"820ff2df-75ef-4177-ba14-9e4a9a7ebd5d","tenant_id":"b39c46f9dc674f529b8f3af821a7c0cd","timeouts":null},"sensitive_attributes":[],"private":"eyJlMmJmYjczMC1lY2FhLTExZTYtOGY4OC0zNDM2M2JjN2M0YzAiOnsiZGVsZXRlIjo2MDAwMDAwMDAwMDB9fQ==","dependencies":["openstack_networking_secgroup_v2.secgroup_1"]}]},{"mode":"managed","type":"openstack_networking_secgroup_v2","name":"secgroup_1","provider":"provider[\"registry.opentofu.org/terraform-provider-openstack/openstack\"]","instances":[{"schema_version":0,"attributes":{"all_tags":[],"delete_default_rules":null,"description":"","id":"820ff2df-75ef-4177-ba14-9e4a9a7ebd5d","name":"secgroup_1","region":"Brno1","stateful":true,"tags":null,"tenant_id":"b39c46f9dc674f529b8f3af821a7c0cd","timeouts":null},"sensitive_attributes":[],"private":"eyJlMmJmYjczMC1lY2FhLTExZTYtOGY4OC0zNDM2M2JjN2M0YzAiOnsiZGVsZXRlIjo2MDAwMDAwMDAwMDB9fQ=="}]}],"check_results":null}
