{"version":4,"terraform_version":"1.9.0","serial":34,"lineage":"27ff5f3e-5bbf-c82f-51f7-12f0bdae08c8","outputs":{},"resources":[{"mode":"managed","type":"openstack_compute_instance_v2","name":"vm","provider":"provider[\"registry.opentofu.org/terraform-provider-openstack/openstack\"]","instances":[{"status":"tainted","schema_version":0,"attributes":{"access_ip_v4":null,"access_ip_v6":null,"admin_pass":null,"all_metadata":null,"all_tags":[],"availability_zone":null,"availability_zone_hints":null,"block_device":[],"config_drive":null,"created":null,"flavor_id":null,"flavor_name":"e1.tiny","force_delete":false,"id":"8b5d46ec-72c0-4a82-9039-169cb39812a1","image_id":"033e0a54-423a-4835-afe6-5ae28e82f215","image_name":null,"key_pair":null,"metadata":null,"name":"ubuntu-vm","network":[{"access_network":false,"fixed_ip_v4":"","fixed_ip_v6":"","mac":"","name":"","port":"b7c42ec3-ef0c-478c-8038-fa9bdbb050f6","uuid":""}],"network_mode":null,"personality":[],"power_state":"active","region":null,"scheduler_hints":[],"security_groups":["default","secgroup_1"],"stop_before_destroy":false,"tags":null,"timeouts":null,"updated":null,"user_data":"28389def169ccc003436f8febb35f7477c43becb","vendor_options":[]},"sensitive_attributes":[[{"type":"get_attr","value":"admin_pass"}]],"private":"eyJlMmJmYjczMC1lY2FhLTExZTYtOGY4OC0zNDM2M2JjN2M0YzAiOnsiY3JlYXRlIjoxODAwMDAwMDAwMDAwLCJkZWxldGUiOjE4MDAwMDAwMDAwMDAsInVwZGF0ZSI6MTgwMDAwMDAwMDAwMH19","dependencies":["openstack_networking_port_v2.port_1","openstack_networking_secgroup_v2.secgroup_1"]}]},{"mode":"managed","type":"openstack_networking_floatingip_v2","name":"floating_ip","provider":"provider[\"registry.opentofu.org/terraform-provider-openstack/openstack\"]","instances":[{"schema_version":0,"attributes":{"address":"78.128.235.135","all_tags":[],"description":"","dns_domain":"","dns_name":"","fixed_ip":"","id":"671a0f7a-2614-4f9e-8498-34ed3cc78094","pool":"external-ipv4-general-public","port_id":"","region":"Brno1","subnet_id":null,"subnet_ids":null,"tags":null,"tenant_id":"b39c46f9dc674f529b8f3af821a7c0cd","timeouts":null,"value_specs":null},"sensitive_attributes":[],"private":"eyJlMmJmYjczMC1lY2FhLTExZTYtOGY4OC0zNDM2M2JjN2M0YzAiOnsiY3JlYXRlIjo2MDAwMDAwMDAwMDAsImRlbGV0ZSI6NjAwMDAwMDAwMDAwfX0="}]},{"mode":"managed","type":"openstack_networking_port_v2","name":"port_1","provider":"provider[\"registry.opentofu.org/terraform-provider-openstack/openstack\"]","instances":[{"schema_version":0,"attributes":{"admin_state_up":true,"all_fixed_ips":["172.16.2.226"],"all_security_group_ids":["f52e0ee3-b0fa-4dc0-99c7-d6767f8c3229"],"all_tags":[],"allowed_address_pairs":[],"binding":[{"host_id":"","profile":"","vif_details":{},"vif_type":"","vnic_type":"normal"}],"description":"","device_id":"","device_owner":"","dns_assignment":[],"dns_name":"","extra_dhcp_option":[],"fixed_ip":[],"id":"b7c42ec3-ef0c-478c-8038-fa9bdbb050f6","mac_address":"fa:16:3e:03:81:73","name":"port_1","network_id":"21af501a-69a3-4f90-8b40-a6ffd52b36c0","no_fixed_ip":null,"no_security_groups":null,"port_security_enabled":true,"qos_policy_id":"","region":"Brno1","security_group_ids":null,"tags":null,"tenant_id":"b39c46f9dc674f529b8f3af821a7c0cd","timeouts":null,"value_specs":null},"sensitive_attributes":[],"private":"eyJlMmJmYjczMC1lY2FhLTExZTYtOGY4OC0zNDM2M2JjN2M0YzAiOnsiY3JlYXRlIjo2MDAwMDAwMDAwMDAsImRlbGV0ZSI6NjAwMDAwMDAwMDAwfX0="}]},{"mode":"managed","type":"openstack_networking_secgroup_rule_v2","name":"secgroup_rule","provider":"provider[\"registry.opentofu.org/terraform-provider-openstack/openstack\"]","instances":[{"schema_version":0,"attributes":{"description":"","direction":"ingress","ethertype":"IPv4","id":"ea4661b9-3941-49e3-89f5-696dcd2fe5cd","port_range_max":80,"port_range_min":80,"protocol":"tcp","region":"Brno1","remote_group_id":"","remote_ip_prefix":"0.0.0.0/0","security_group_id":"bfbc5d31-b498-4805-aacd-871c3aac99cf","tenant_id":"b39c46f9dc674f529b8f3af821a7c0cd","timeouts":null},"sensitive_attributes":[],"private":"eyJlMmJmYjczMC1lY2FhLTExZTYtOGY4OC0zNDM2M2JjN2M0YzAiOnsiZGVsZXRlIjo2MDAwMDAwMDAwMDB9fQ==","dependencies":["openstack_networking_secgroup_v2.secgroup_1"]}]},{"mode":"managed","type":"openstack_networking_secgroup_v2","name":"secgroup_1","provider":"provider[\"registry.opentofu.org/terraform-provider-openstack/openstack\"]","instances":[{"schema_version":0,"attributes":{"all_tags":[],"delete_default_rules":null,"description":"","id":"bfbc5d31-b498-4805-aacd-871c3aac99cf","name":"secgroup_1","region":"Brno1","stateful":true,"tags":null,"tenant_id":"b39c46f9dc674f529b8f3af821a7c0cd","timeouts":null},"sensitive_attributes":[],"private":"eyJlMmJmYjczMC1lY2FhLTExZTYtOGY4OC0zNDM2M2JjN2M0YzAiOnsiZGVsZXRlIjo2MDAwMDAwMDAwMDB9fQ=="}]}],"check_results":null}
